
Microsoft Visual Studio Solution File, Format Version 12.00
# Visual Studio Version 17
VisualStudioVersion = 17.13.35828.75 d17.13
MinimumVisualStudioVersion = 10.0.40219.1
Project("{FAE04EC0-301F-11D3-BF4B-00C04F79EFBC}") = "DecimalToBinary", "DecimalToBinary.csproj", "{DAD32B39-2380-4711-94B7-E7A7DB027709}"
EndProject
Global
	GlobalSection(SolutionConfigurationPlatforms) = preSolution
		Debug|Any CPU = Debug|Any CPU
		Release|Any CPU = Release|Any CPU
	EndGlobalSection
	GlobalSection(ProjectConfigurationPlatforms) = postSolution
		{DAD32B39-2380-4711-94B7-E7A7DB027709}.Debug|Any CPU.ActiveCfg = Debug|Any CPU
		{DAD32B39-2380-4711-94B7-E7A7DB027709}.Debug|Any CPU.Build.0 = Debug|Any CPU
		{DAD32B39-2380-4711-94B7-E7A7DB027709}.Release|Any CPU.ActiveCfg = Release|Any CPU
		{DAD32B39-2380-4711-94B7-E7A7DB027709}.Release|Any CPU.Build.0 = Release|Any CPU
	EndGlobalSection
	GlobalSection(SolutionProperties) = preSolution
		HideSolutionNode = FALSE
	EndGlobalSection
	GlobalSection(ExtensibilityGlobals) = postSolution
		SolutionGuid = {13BAF98B-D980-4397-8013-59D66089517D}
	EndGlobalSection
EndGlobal
