
Microsoft Visual Studio Solution File, Format Version 12.00
# Visual Studio Version 17
VisualStudioVersion = 17.13.35828.75 d17.13
MinimumVisualStudioVersion = 10.0.40219.1
Project("{FAE04EC0-301F-11D3-BF4B-00C04F79EFBC}") = "AnimalLength", "AnimalLength.csproj", "{018E2D8B-1EC1-4B1A-828C-A638CABB050F}"
EndProject
Global
	GlobalSection(SolutionConfigurationPlatforms) = preSolution
		Debug|Any CPU = Debug|Any CPU
		Release|Any CPU = Release|Any CPU
	EndGlobalSection
	GlobalSection(ProjectConfigurationPlatforms) = postSolution
		{018E2D8B-1EC1-4B1A-828C-A638CABB050F}.Debug|Any CPU.ActiveCfg = Debug|Any CPU
		{018E2D8B-1EC1-4B1A-828C-A638CABB050F}.Debug|Any CPU.Build.0 = Debug|Any CPU
		{018E2D8B-1EC1-4B1A-828C-A638CABB050F}.Release|Any CPU.ActiveCfg = Release|Any CPU
		{018E2D8B-1EC1-4B1A-828C-A638CABB050F}.Release|Any CPU.Build.0 = Release|Any CPU
	EndGlobalSection
	GlobalSection(SolutionProperties) = preSolution
		HideSolutionNode = FALSE
	EndGlobalSection
	GlobalSection(ExtensibilityGlobals) = postSolution
		SolutionGuid = {6B07F02B-A13A-4001-A429-E8886CBBC40C}
	EndGlobalSection
EndGlobal
