
Microsoft Visual Studio Solution File, Format Version 12.00
# Visual Studio Version 17
VisualStudioVersion = 17.13.35828.75 d17.13
MinimumVisualStudioVersion = 10.0.40219.1
Project("{FAE04EC0-301F-11D3-BF4B-00C04F79EFBC}") = "ForCircle", "ForCircle.csproj", "{43D41092-57BE-46C6-B2A0-04FF182CD2E2}"
EndProject
Global
	GlobalSection(SolutionConfigurationPlatforms) = preSolution
		Debug|Any CPU = Debug|Any CPU
		Release|Any CPU = Release|Any CPU
	EndGlobalSection
	GlobalSection(ProjectConfigurationPlatforms) = postSolution
		{43D41092-57BE-46C6-B2A0-04FF182CD2E2}.Debug|Any CPU.ActiveCfg = Debug|Any CPU
		{43D41092-57BE-46C6-B2A0-04FF182CD2E2}.Debug|Any CPU.Build.0 = Debug|Any CPU
		{43D41092-57BE-46C6-B2A0-04FF182CD2E2}.Release|Any CPU.ActiveCfg = Release|Any CPU
		{43D41092-57BE-46C6-B2A0-04FF182CD2E2}.Release|Any CPU.Build.0 = Release|Any CPU
	EndGlobalSection
	GlobalSection(SolutionProperties) = preSolution
		HideSolutionNode = FALSE
	EndGlobalSection
	GlobalSection(ExtensibilityGlobals) = postSolution
		SolutionGuid = {31F4AB47-942E-4E4A-B92A-42790A94CA61}
	EndGlobalSection
EndGlobal
