
Microsoft Visual Studio Solution File, Format Version 12.00
# Visual Studio Version 17
VisualStudioVersion = 17.13.35828.75 d17.13
MinimumVisualStudioVersion = 10.0.40219.1
Project("{FAE04EC0-301F-11D3-BF4B-00C04F79EFBC}") = "Ruutvõrrand", "Ruutvõrrand.csproj", "{6C2A6DF6-104A-4A76-AE52-3882F2099069}"
EndProject
Global
	GlobalSection(SolutionConfigurationPlatforms) = preSolution
		Debug|Any CPU = Debug|Any CPU
		Release|Any CPU = Release|Any CPU
	EndGlobalSection
	GlobalSection(ProjectConfigurationPlatforms) = postSolution
		{6C2A6DF6-104A-4A76-AE52-3882F2099069}.Debug|Any CPU.ActiveCfg = Debug|Any CPU
		{6C2A6DF6-104A-4A76-AE52-3882F2099069}.Debug|Any CPU.Build.0 = Debug|Any CPU
		{6C2A6DF6-104A-4A76-AE52-3882F2099069}.Release|Any CPU.ActiveCfg = Release|Any CPU
		{6C2A6DF6-104A-4A76-AE52-3882F2099069}.Release|Any CPU.Build.0 = Release|Any CPU
	EndGlobalSection
	GlobalSection(SolutionProperties) = preSolution
		HideSolutionNode = FALSE
	EndGlobalSection
	GlobalSection(ExtensibilityGlobals) = postSolution
		SolutionGuid = {2FCDF636-549D-4836-AA0F-BF31EC3EAE34}
	EndGlobalSection
EndGlobal
