
Microsoft Visual Studio Solution File, Format Version 12.00
# Visual Studio Version 17
VisualStudioVersion = 17.13.35828.75 d17.13
MinimumVisualStudioVersion = 10.0.40219.1
Project("{FAE04EC0-301F-11D3-BF4B-00C04F79EFBC}") = "SwitchWeekday", "SwitchWeekday\SwitchWeekday.csproj", "{0FDA38A7-84C9-4348-B1A8-670374C7AE7F}"
EndProject
Global
	GlobalSection(SolutionConfigurationPlatforms) = preSolution
		Debug|Any CPU = Debug|Any CPU
		Release|Any CPU = Release|Any CPU
	EndGlobalSection
	GlobalSection(ProjectConfigurationPlatforms) = postSolution
		{0FDA38A7-84C9-4348-B1A8-670374C7AE7F}.Debug|Any CPU.ActiveCfg = Debug|Any CPU
		{0FDA38A7-84C9-4348-B1A8-670374C7AE7F}.Debug|Any CPU.Build.0 = Debug|Any CPU
		{0FDA38A7-84C9-4348-B1A8-670374C7AE7F}.Release|Any CPU.ActiveCfg = Release|Any CPU
		{0FDA38A7-84C9-4348-B1A8-670374C7AE7F}.Release|Any CPU.Build.0 = Release|Any CPU
	EndGlobalSection
	GlobalSection(SolutionProperties) = preSolution
		HideSolutionNode = FALSE
	EndGlobalSection
	GlobalSection(ExtensibilityGlobals) = postSolution
		SolutionGuid = {DC062AB7-E1C5-4646-8429-E954FF4E9223}
	EndGlobalSection
EndGlobal
