
Microsoft Visual Studio Solution File, Format Version 12.00
# Visual Studio Version 17
VisualStudioVersion = 17.13.35828.75 d17.13
MinimumVisualStudioVersion = 10.0.40219.1
Project("{FAE04EC0-301F-11D3-BF4B-00C04F79EFBC}") = "KujundiKalkulaator", "KujundiKalkulaator.csproj", "{7886AB2C-3217-4363-BE87-F17A203D70D4}"
EndProject
Global
	GlobalSection(SolutionConfigurationPlatforms) = preSolution
		Debug|Any CPU = Debug|Any CPU
		Release|Any CPU = Release|Any CPU
	EndGlobalSection
	GlobalSection(ProjectConfigurationPlatforms) = postSolution
		{7886AB2C-3217-4363-BE87-F17A203D70D4}.Debug|Any CPU.ActiveCfg = Debug|Any CPU
		{7886AB2C-3217-4363-BE87-F17A203D70D4}.Debug|Any CPU.Build.0 = Debug|Any CPU
		{7886AB2C-3217-4363-BE87-F17A203D70D4}.Release|Any CPU.ActiveCfg = Release|Any CPU
		{7886AB2C-3217-4363-BE87-F17A203D70D4}.Release|Any CPU.Build.0 = Release|Any CPU
	EndGlobalSection
	GlobalSection(SolutionProperties) = preSolution
		HideSolutionNode = FALSE
	EndGlobalSection
	GlobalSection(ExtensibilityGlobals) = postSolution
		SolutionGuid = {61121BA5-2661-4198-BA45-E142DDE2B707}
	EndGlobalSection
EndGlobal
