
Microsoft Visual Studio Solution File, Format Version 12.00
# Visual Studio Version 17
VisualStudioVersion = 17.13.35828.75 d17.13
MinimumVisualStudioVersion = 10.0.40219.1
Project("{FAE04EC0-301F-11D3-BF4B-00C04F79EFBC}") = "Rectangle", "Rectangle.csproj", "{FF955854-D82A-4186-8EDB-CD9FC4BB72BE}"
EndProject
Global
	GlobalSection(SolutionConfigurationPlatforms) = preSolution
		Debug|Any CPU = Debug|Any CPU
		Release|Any CPU = Release|Any CPU
	EndGlobalSection
	GlobalSection(ProjectConfigurationPlatforms) = postSolution
		{FF955854-D82A-4186-8EDB-CD9FC4BB72BE}.Debug|Any CPU.ActiveCfg = Debug|Any CPU
		{FF955854-D82A-4186-8EDB-CD9FC4BB72BE}.Debug|Any CPU.Build.0 = Debug|Any CPU
		{FF955854-D82A-4186-8EDB-CD9FC4BB72BE}.Release|Any CPU.ActiveCfg = Release|Any CPU
		{FF955854-D82A-4186-8EDB-CD9FC4BB72BE}.Release|Any CPU.Build.0 = Release|Any CPU
	EndGlobalSection
	GlobalSection(SolutionProperties) = preSolution
		HideSolutionNode = FALSE
	EndGlobalSection
	GlobalSection(ExtensibilityGlobals) = postSolution
		SolutionGuid = {F68490C8-91CD-4AD8-BE8C-B7AFC28B278E}
	EndGlobalSection
EndGlobal
