
Microsoft Visual Studio Solution File, Format Version 12.00
# Visual Studio Version 17
VisualStudioVersion = 17.13.35828.75 d17.13
MinimumVisualStudioVersion = 10.0.40219.1
Project("{FAE04EC0-301F-11D3-BF4B-00C04F79EFBC}") = "Switch", "Switch\Switch.csproj", "{718444CE-6E4A-437A-9DE5-9E1440817545}"
EndProject
Global
	GlobalSection(SolutionConfigurationPlatforms) = preSolution
		Debug|Any CPU = Debug|Any CPU
		Release|Any CPU = Release|Any CPU
	EndGlobalSection
	GlobalSection(ProjectConfigurationPlatforms) = postSolution
		{718444CE-6E4A-437A-9DE5-9E1440817545}.Debug|Any CPU.ActiveCfg = Debug|Any CPU
		{718444CE-6E4A-437A-9DE5-9E1440817545}.Debug|Any CPU.Build.0 = Debug|Any CPU
		{718444CE-6E4A-437A-9DE5-9E1440817545}.Release|Any CPU.ActiveCfg = Release|Any CPU
		{718444CE-6E4A-437A-9DE5-9E1440817545}.Release|Any CPU.Build.0 = Release|Any CPU
	EndGlobalSection
	GlobalSection(SolutionProperties) = preSolution
		HideSolutionNode = FALSE
	EndGlobalSection
	GlobalSection(ExtensibilityGlobals) = postSolution
		SolutionGuid = {84A0AD00-F4FB-4518-8C15-8D0EA82DB14B}
	EndGlobalSection
EndGlobal
