
Microsoft Visual Studio Solution File, Format Version 12.00
# Visual Studio Version 17
VisualStudioVersion = 17.13.35828.75 d17.13
MinimumVisualStudioVersion = 10.0.40219.1
Project("{FAE04EC0-301F-11D3-BF4B-00C04F79EFBC}") = "ForAsterisk", "ForAsterisk.csproj", "{BF3685BE-B8F5-4C66-945C-43C5D5542652}"
EndProject
Global
	GlobalSection(SolutionConfigurationPlatforms) = preSolution
		Debug|Any CPU = Debug|Any CPU
		Release|Any CPU = Release|Any CPU
	EndGlobalSection
	GlobalSection(ProjectConfigurationPlatforms) = postSolution
		{BF3685BE-B8F5-4C66-945C-43C5D5542652}.Debug|Any CPU.ActiveCfg = Debug|Any CPU
		{BF3685BE-B8F5-4C66-945C-43C5D5542652}.Debug|Any CPU.Build.0 = Debug|Any CPU
		{BF3685BE-B8F5-4C66-945C-43C5D5542652}.Release|Any CPU.ActiveCfg = Release|Any CPU
		{BF3685BE-B8F5-4C66-945C-43C5D5542652}.Release|Any CPU.Build.0 = Release|Any CPU
	EndGlobalSection
	GlobalSection(SolutionProperties) = preSolution
		HideSolutionNode = FALSE
	EndGlobalSection
	GlobalSection(ExtensibilityGlobals) = postSolution
		SolutionGuid = {36CDD07F-7709-43A8-853D-9ACA1EBAFBF3}
	EndGlobalSection
EndGlobal
