
Microsoft Visual Studio Solution File, Format Version 12.00
# Visual Studio Version 17
VisualStudioVersion = 17.13.35828.75 d17.13
MinimumVisualStudioVersion = 10.0.40219.1
Project("{FAE04EC0-301F-11D3-BF4B-00C04F79EFBC}") = "SwitchMethodCall", "SwitchMethodCall\SwitchMethodCall.csproj", "{D4FEEBD7-30AA-4149-83D7-C319A7BD16BD}"
EndProject
Global
	GlobalSection(SolutionConfigurationPlatforms) = preSolution
		Debug|Any CPU = Debug|Any CPU
		Release|Any CPU = Release|Any CPU
	EndGlobalSection
	GlobalSection(ProjectConfigurationPlatforms) = postSolution
		{D4FEEBD7-30AA-4149-83D7-C319A7BD16BD}.Debug|Any CPU.ActiveCfg = Debug|Any CPU
		{D4FEEBD7-30AA-4149-83D7-C319A7BD16BD}.Debug|Any CPU.Build.0 = Debug|Any CPU
		{D4FEEBD7-30AA-4149-83D7-C319A7BD16BD}.Release|Any CPU.ActiveCfg = Release|Any CPU
		{D4FEEBD7-30AA-4149-83D7-C319A7BD16BD}.Release|Any CPU.Build.0 = Release|Any CPU
	EndGlobalSection
	GlobalSection(SolutionProperties) = preSolution
		HideSolutionNode = FALSE
	EndGlobalSection
	GlobalSection(ExtensibilityGlobals) = postSolution
		SolutionGuid = {2AF003AF-0EDC-4131-962D-6363A70C4808}
	EndGlobalSection
EndGlobal
